<?xml version="1.0" encoding="utf-8"?>
<Project ToolsVersion="4.0" xmlns="http://schemas.microsoft.com/developer/msbuild/2003">
  <ItemGroup>
    <Filter Include="src">
      <UniqueIdentifier>{4FC737F1-C7A5-4376-A066-2A32D752A2FF}</UniqueIdentifier>
      <Extensions>cpp;c;cc;cxx;c++;cppm;ixx;def;odl;idl;hpj;bat;asm;asmx;h;hh;hpp;hxx;h++;hm;inl;inc;ipp;xsd;rc;ico;cur;bmp;dlg;rc2;rct;bin;rgs;gif;jpg;jpeg;jpe;resx;tiff;tif;png;wav;mfcribbon-ms</Extensions>
    </Filter>
    <Filter Include="src\ex">
      <UniqueIdentifier>{1a3af443-e04a-4321-919f-0424411f2deb}</UniqueIdentifier>
    </Filter>
  </ItemGroup>
  <ItemGroup>
    <ClCompile Include="main.cpp">
      <Filter>src</Filter>
    </ClCompile>
    <ClCompile Include="dummy.ixx">
      <Filter>src</Filter>
    </ClCompile>
    <ClCompile Include="dummy.cpp">
      <Filter>src</Filter>
    </ClCompile>
    <ClCompile Include="util.ixx">
      <Filter>src</Filter>
    </ClCompile>
    <ClCompile Include="util.cpp">
      <Filter>src</Filter>
    </ClCompile>
    <ClCompile Include="ex\ex_component_oriented.cpp">
      <Filter>src\ex</Filter>
    </ClCompile>
    <ClCompile Include="ex\ex_defined_macro.cpp">
      <Filter>src\ex</Filter>
    </ClCompile>
    <ClCompile Include="ex\ex_field_init.cpp">
      <Filter>src\ex</Filter>
    </ClCompile>
    <ClCompile Include="ex\ex_foreach.cpp">
      <Filter>src\ex</Filter>
    </ClCompile>
    <ClCompile Include="ex\ex_initializer_lists.cpp">
      <Filter>src\ex</Filter>
    </ClCompile>
    <ClCompile Include="ex\ex_multi_array.cpp">
      <Filter>src\ex</Filter>
    </ClCompile>
    <ClCompile Include="ex\ex_rvalue.cpp">
      <Filter>src\ex</Filter>
    </ClCompile>
    <ClCompile Include="ex\ex_template_meta_program.cpp">
      <Filter>src\ex</Filter>
    </ClCompile>
    <ClCompile Include="ex\ex_thread.cpp">
      <Filter>src\ex</Filter>
    </ClCompile>
    <ClCompile Include="ex\ex_tuple.cpp">
      <Filter>src\ex</Filter>
    </ClCompile>
    <ClCompile Include="ex.ixx">
      <Filter>src</Filter>
    </ClCompile>
    <ClCompile Include="ex\ex_typeindex.cpp">
      <Filter>src</Filter>
    </ClCompile>
  </ItemGroup>
  <ItemGroup>
    <ClInclude Include="ex.h">
      <Filter>src</Filter>
    </ClInclude>
  </ItemGroup>
</Project>