
Microsoft Visual Studio Solution File, Format Version 12.00
# Visual Studio Version 17
VisualStudioVersion = 17.6.33815.320
MinimumVisualStudioVersion = 10.0.40219.1
Project("{8BC9CEB8-8B4A-11D0-8D11-00A0C91BC942}") = "feature_sample", "feature_sample\feature_sample.vcxproj", "{206611AF-C68B-4096-AC96-2B64CD033338}"
EndProject
Project("{2150E333-8FDC-42A3-9474-1A3956D46DE8}") = "Solution Items", "Solution Items", "{CCD75CF7-409D-4544-BE6D-11C998D52619}"
	ProjectSection(SolutionItems) = preProject
		.editorconfig = .editorconfig
	EndProjectSection
EndProject
Project("{8BC9CEB8-8B4A-11D0-8D11-00A0C91BC942}") = "design_sample", "design_sample\design_sample.vcxproj", "{C72D62E7-CEDF-43D0-AFB1-EF12CDE16EE9}"
EndProject
Global
	GlobalSection(SolutionConfigurationPlatforms) = preSolution
		Debug|x64 = Debug|x64
		Debug|x86 = Debug|x86
		Release|x64 = Release|x64
		Release|x86 = Release|x86
	EndGlobalSection
	GlobalSection(ProjectConfigurationPlatforms) = postSolution
		{206611AF-C68B-4096-AC96-2B64CD033338}.Debug|x64.ActiveCfg = Debug|x64
		{206611AF-C68B-4096-AC96-2B64CD033338}.Debug|x64.Build.0 = Debug|x64
		{206611AF-C68B-4096-AC96-2B64CD033338}.Debug|x86.ActiveCfg = Debug|Win32
		{206611AF-C68B-4096-AC96-2B64CD033338}.Debug|x86.Build.0 = Debug|Win32
		{206611AF-C68B-4096-AC96-2B64CD033338}.Release|x64.ActiveCfg = Release|x64
		{206611AF-C68B-4096-AC96-2B64CD033338}.Release|x64.Build.0 = Release|x64
		{206611AF-C68B-4096-AC96-2B64CD033338}.Release|x86.ActiveCfg = Release|Win32
		{206611AF-C68B-4096-AC96-2B64CD033338}.Release|x86.Build.0 = Release|Win32
		{C72D62E7-CEDF-43D0-AFB1-EF12CDE16EE9}.Debug|x64.ActiveCfg = Debug|x64
		{C72D62E7-CEDF-43D0-AFB1-EF12CDE16EE9}.Debug|x64.Build.0 = Debug|x64
		{C72D62E7-CEDF-43D0-AFB1-EF12CDE16EE9}.Debug|x86.ActiveCfg = Debug|Win32
		{C72D62E7-CEDF-43D0-AFB1-EF12CDE16EE9}.Debug|x86.Build.0 = Debug|Win32
		{C72D62E7-CEDF-43D0-AFB1-EF12CDE16EE9}.Release|x64.ActiveCfg = Release|x64
		{C72D62E7-CEDF-43D0-AFB1-EF12CDE16EE9}.Release|x64.Build.0 = Release|x64
		{C72D62E7-CEDF-43D0-AFB1-EF12CDE16EE9}.Release|x86.ActiveCfg = Release|Win32
		{C72D62E7-CEDF-43D0-AFB1-EF12CDE16EE9}.Release|x86.Build.0 = Release|Win32
	EndGlobalSection
	GlobalSection(SolutionProperties) = preSolution
		HideSolutionNode = FALSE
	EndGlobalSection
	GlobalSection(ExtensibilityGlobals) = postSolution
		SolutionGuid = {0BB4EAB1-1B00-4C80-ACF3-3EC1F42C958A}
	EndGlobalSection
EndGlobal
